
Microsoft Visual Studio Solution File, Format Version 12.00
# Visual Studio Version 17
VisualStudioVersion = 17.5.33516.290
MinimumVisualStudioVersion = 10.0.40219.1
Project("{FAE04EC0-301F-11D3-BF4B-00C04F79EFBC}") = "wf01_simpleWinApp", "wf01_simpleWinApp\wf01_simpleWinApp.csproj", "{F890E380-9279-45E6-BDDE-2F8B53B4559E}"
EndProject
Project("{FAE04EC0-301F-11D3-BF4B-00C04F79EFBC}") = "wf02_realWinapp", "wf02_realWinapp\wf02_realWinapp.csproj", "{1F2C5E89-2DBF-4C11-83E2-9825337C0469}"
EndProject
Project("{FAE04EC0-301F-11D3-BF4B-00C04F79EFBC}") = "wf03_property", "wf03_property\wf03_property.csproj", "{27DD4B18-7BF6-4EBB-9F2F-1E9B42476604}"
EndProject
Global
	GlobalSection(SolutionConfigurationPlatforms) = preSolution
		Debug|Any CPU = Debug|Any CPU
		Release|Any CPU = Release|Any CPU
	EndGlobalSection
	GlobalSection(ProjectConfigurationPlatforms) = postSolution
		{F890E380-9279-45E6-BDDE-2F8B53B4559E}.Debug|Any CPU.ActiveCfg = Debug|Any CPU
		{F890E380-9279-45E6-BDDE-2F8B53B4559E}.Debug|Any CPU.Build.0 = Debug|Any CPU
		{F890E380-9279-45E6-BDDE-2F8B53B4559E}.Release|Any CPU.ActiveCfg = Release|Any CPU
		{F890E380-9279-45E6-BDDE-2F8B53B4559E}.Release|Any CPU.Build.0 = Release|Any CPU
		{1F2C5E89-2DBF-4C11-83E2-9825337C0469}.Debug|Any CPU.ActiveCfg = Debug|Any CPU
		{1F2C5E89-2DBF-4C11-83E2-9825337C0469}.Debug|Any CPU.Build.0 = Debug|Any CPU
		{1F2C5E89-2DBF-4C11-83E2-9825337C0469}.Release|Any CPU.ActiveCfg = Release|Any CPU
		{1F2C5E89-2DBF-4C11-83E2-9825337C0469}.Release|Any CPU.Build.0 = Release|Any CPU
		{27DD4B18-7BF6-4EBB-9F2F-1E9B42476604}.Debug|Any CPU.ActiveCfg = Debug|Any CPU
		{27DD4B18-7BF6-4EBB-9F2F-1E9B42476604}.Debug|Any CPU.Build.0 = Debug|Any CPU
		{27DD4B18-7BF6-4EBB-9F2F-1E9B42476604}.Release|Any CPU.ActiveCfg = Release|Any CPU
		{27DD4B18-7BF6-4EBB-9F2F-1E9B42476604}.Release|Any CPU.Build.0 = Release|Any CPU
	EndGlobalSection
	GlobalSection(SolutionProperties) = preSolution
		HideSolutionNode = FALSE
	EndGlobalSection
	GlobalSection(ExtensibilityGlobals) = postSolution
		SolutionGuid = {6DBF8EB6-A6F3-4E77-9FA8-6B81D530804C}
	EndGlobalSection
EndGlobal
