
Microsoft Visual Studio Solution File, Format Version 12.00
# Visual Studio Version 17
VisualStudioVersion = 17.5.33516.290
MinimumVisualStudioVersion = 10.0.40219.1
Project("{FAE04EC0-301F-11D3-BF4B-00C04F79EFBC}") = "wf08_dbhandling", "wf08_dbhandling\wf08_dbhandling.csproj", "{D06BCD61-225A-4C7D-9F86-2601D07F549A}"
EndProject
Project("{FAE04EC0-301F-11D3-BF4B-00C04F79EFBC}") = "wf07_myexplorer", "wf07_myexplorer\wf07_myexplorer.csproj", "{6C745DC9-46E7-46CB-BBDE-E3F55B8B75DA}"
EndProject
Global
	GlobalSection(SolutionConfigurationPlatforms) = preSolution
		Debug|Any CPU = Debug|Any CPU
		Release|Any CPU = Release|Any CPU
	EndGlobalSection
	GlobalSection(ProjectConfigurationPlatforms) = postSolution
		{D06BCD61-225A-4C7D-9F86-2601D07F549A}.Debug|Any CPU.ActiveCfg = Debug|Any CPU
		{D06BCD61-225A-4C7D-9F86-2601D07F549A}.Debug|Any CPU.Build.0 = Debug|Any CPU
		{D06BCD61-225A-4C7D-9F86-2601D07F549A}.Release|Any CPU.ActiveCfg = Release|Any CPU
		{D06BCD61-225A-4C7D-9F86-2601D07F549A}.Release|Any CPU.Build.0 = Release|Any CPU
		{6C745DC9-46E7-46CB-BBDE-E3F55B8B75DA}.Debug|Any CPU.ActiveCfg = Debug|Any CPU
		{6C745DC9-46E7-46CB-BBDE-E3F55B8B75DA}.Debug|Any CPU.Build.0 = Debug|Any CPU
		{6C745DC9-46E7-46CB-BBDE-E3F55B8B75DA}.Release|Any CPU.ActiveCfg = Release|Any CPU
		{6C745DC9-46E7-46CB-BBDE-E3F55B8B75DA}.Release|Any CPU.Build.0 = Release|Any CPU
	EndGlobalSection
	GlobalSection(SolutionProperties) = preSolution
		HideSolutionNode = FALSE
	EndGlobalSection
	GlobalSection(ExtensibilityGlobals) = postSolution
		SolutionGuid = {2416B5F4-9E7B-4D84-9018-F8153AD54BD1}
	EndGlobalSection
EndGlobal
