
Microsoft Visual Studio Solution File, Format Version 12.00
# Visual Studio Version 17
VisualStudioVersion = 17.5.33516.290
MinimumVisualStudioVersion = 10.0.40219.1
Project("{FAE04EC0-301F-11D3-BF4B-00C04F79EFBC}") = "cs02_characters", "cs02_characters.csproj", "{E8D43297-2D5C-44D0-BB28-F540F6A9B9F6}"
EndProject
Project("{FAE04EC0-301F-11D3-BF4B-00C04F79EFBC}") = "cs03_object", "..\cs03_hh\cs03_object.csproj", "{4A3174BB-BD3E-4DCC-B9C9-CDD27F4E3864}"
EndProject
Project("{FAE04EC0-301F-11D3-BF4B-00C04F79EFBC}") = "cs04_enums", "..\cs04_enums\cs04_enums.csproj", "{8CE2D3AA-6030-4B83-B251-5AEC171F6722}"
EndProject
Project("{FAE04EC0-301F-11D3-BF4B-00C04F79EFBC}") = "cs05_nullable", "..\cs05_nullable\cs05_nullable.csproj", "{1C6E7239-5175-4602-A446-6875D7F3912A}"
EndProject
Project("{FAE04EC0-301F-11D3-BF4B-00C04F79EFBC}") = "cs06_var", "..\cs06_var\cs06_var.csproj", "{F65CB1C5-1B69-41AF-B1D9-D8F74A6666B9}"
EndProject
Project("{FAE04EC0-301F-11D3-BF4B-00C04F79EFBC}") = "cs07_cts", "..\cs07_cts\cs07_cts.csproj", "{97209251-C861-4D13-8402-30DC7D8FFDED}"
EndProject
Project("{FAE04EC0-301F-11D3-BF4B-00C04F79EFBC}") = "cs08_conditions", "..\ㅊㄴ08_채ㅜ야샤ㅐㅜㄴ\cs08_conditions.csproj", "{E3105821-BF18-4A8F-A72B-8D2A3B8D2B3C}"
EndProject
Project("{FAE04EC0-301F-11D3-BF4B-00C04F79EFBC}") = "cs09_nullcondition", "..\cs09_nullcondition\cs09_nullcondition.csproj", "{B9AE60C9-109E-4150-B262-51EC7F209955}"
EndProject
Global
	GlobalSection(SolutionConfigurationPlatforms) = preSolution
		Debug|Any CPU = Debug|Any CPU
		Release|Any CPU = Release|Any CPU
	EndGlobalSection
	GlobalSection(ProjectConfigurationPlatforms) = postSolution
		{E8D43297-2D5C-44D0-BB28-F540F6A9B9F6}.Debug|Any CPU.ActiveCfg = Debug|Any CPU
		{E8D43297-2D5C-44D0-BB28-F540F6A9B9F6}.Debug|Any CPU.Build.0 = Debug|Any CPU
		{E8D43297-2D5C-44D0-BB28-F540F6A9B9F6}.Release|Any CPU.ActiveCfg = Release|Any CPU
		{E8D43297-2D5C-44D0-BB28-F540F6A9B9F6}.Release|Any CPU.Build.0 = Release|Any CPU
		{4A3174BB-BD3E-4DCC-B9C9-CDD27F4E3864}.Debug|Any CPU.ActiveCfg = Debug|Any CPU
		{4A3174BB-BD3E-4DCC-B9C9-CDD27F4E3864}.Debug|Any CPU.Build.0 = Debug|Any CPU
		{4A3174BB-BD3E-4DCC-B9C9-CDD27F4E3864}.Release|Any CPU.ActiveCfg = Release|Any CPU
		{4A3174BB-BD3E-4DCC-B9C9-CDD27F4E3864}.Release|Any CPU.Build.0 = Release|Any CPU
		{8CE2D3AA-6030-4B83-B251-5AEC171F6722}.Debug|Any CPU.ActiveCfg = Debug|Any CPU
		{8CE2D3AA-6030-4B83-B251-5AEC171F6722}.Debug|Any CPU.Build.0 = Debug|Any CPU
		{8CE2D3AA-6030-4B83-B251-5AEC171F6722}.Release|Any CPU.ActiveCfg = Release|Any CPU
		{8CE2D3AA-6030-4B83-B251-5AEC171F6722}.Release|Any CPU.Build.0 = Release|Any CPU
		{1C6E7239-5175-4602-A446-6875D7F3912A}.Debug|Any CPU.ActiveCfg = Debug|Any CPU
		{1C6E7239-5175-4602-A446-6875D7F3912A}.Debug|Any CPU.Build.0 = Debug|Any CPU
		{1C6E7239-5175-4602-A446-6875D7F3912A}.Release|Any CPU.ActiveCfg = Release|Any CPU
		{1C6E7239-5175-4602-A446-6875D7F3912A}.Release|Any CPU.Build.0 = Release|Any CPU
		{F65CB1C5-1B69-41AF-B1D9-D8F74A6666B9}.Debug|Any CPU.ActiveCfg = Debug|Any CPU
		{F65CB1C5-1B69-41AF-B1D9-D8F74A6666B9}.Debug|Any CPU.Build.0 = Debug|Any CPU
		{F65CB1C5-1B69-41AF-B1D9-D8F74A6666B9}.Release|Any CPU.ActiveCfg = Release|Any CPU
		{F65CB1C5-1B69-41AF-B1D9-D8F74A6666B9}.Release|Any CPU.Build.0 = Release|Any CPU
		{97209251-C861-4D13-8402-30DC7D8FFDED}.Debug|Any CPU.ActiveCfg = Debug|Any CPU
		{97209251-C861-4D13-8402-30DC7D8FFDED}.Debug|Any CPU.Build.0 = Debug|Any CPU
		{97209251-C861-4D13-8402-30DC7D8FFDED}.Release|Any CPU.ActiveCfg = Release|Any CPU
		{97209251-C861-4D13-8402-30DC7D8FFDED}.Release|Any CPU.Build.0 = Release|Any CPU
		{E3105821-BF18-4A8F-A72B-8D2A3B8D2B3C}.Debug|Any CPU.ActiveCfg = Debug|Any CPU
		{E3105821-BF18-4A8F-A72B-8D2A3B8D2B3C}.Debug|Any CPU.Build.0 = Debug|Any CPU
		{E3105821-BF18-4A8F-A72B-8D2A3B8D2B3C}.Release|Any CPU.ActiveCfg = Release|Any CPU
		{E3105821-BF18-4A8F-A72B-8D2A3B8D2B3C}.Release|Any CPU.Build.0 = Release|Any CPU
		{B9AE60C9-109E-4150-B262-51EC7F209955}.Debug|Any CPU.ActiveCfg = Debug|Any CPU
		{B9AE60C9-109E-4150-B262-51EC7F209955}.Debug|Any CPU.Build.0 = Debug|Any CPU
		{B9AE60C9-109E-4150-B262-51EC7F209955}.Release|Any CPU.ActiveCfg = Release|Any CPU
		{B9AE60C9-109E-4150-B262-51EC7F209955}.Release|Any CPU.Build.0 = Release|Any CPU
	EndGlobalSection
	GlobalSection(SolutionProperties) = preSolution
		HideSolutionNode = FALSE
	EndGlobalSection
	GlobalSection(ExtensibilityGlobals) = postSolution
		SolutionGuid = {0D912208-A898-4010-9BF3-0AFB78901CF0}
	EndGlobalSection
EndGlobal
